
Microsoft Visual Studio Solution File, Format Version 12.00
# Visual Studio Version 17
VisualStudioVersion = 17.0.31903.59
MinimumVisualStudioVersion = 10.0.40219.1
Project("{2150E333-8FDC-42A3-9474-1A3956D46DE8}") = "PHA.Hospital", "PHA.Hospital", "{A9592B86-0A13-44C5-91BF-4CB047ED2BD5}"
EndProject
Project("{2150E333-8FDC-42A3-9474-1A3956D46DE8}") = "PHA.PetShelter", "PHA.PetShelter", "{89BBDAFC-1ACB-49B6-8134-5D44B6D188BF}"
EndProject
Project("{2150E333-8FDC-42A3-9474-1A3956D46DE8}") = "PHA.Adoption", "PHA.Adoption", "{D4CADB02-1DDF-4849-942F-EE29E5A1A14F}"
EndProject
Project("{2150E333-8FDC-42A3-9474-1A3956D46DE8}") = "BuildingBlocks", "BuildingBlocks", "{88FB874B-06A1-4DC0-8E09-4A38F5D8F3A8}"
EndProject
Project("{FAE04EC0-301F-11D3-BF4B-00C04F79EFBC}") = "BuildingBlocks.Common", "BuildingBlocks\BuildingBlocks.Common\BuildingBlocks.Common.csproj", "{DE174693-8006-40AC-A192-B846F9776E28}"
EndProject
Project("{FAE04EC0-301F-11D3-BF4B-00C04F79EFBC}") = "BuildingBlocks.RabbitMq", "BuildingBlocks\BuildingBlocks.RabbitMq\BuildingBlocks.RabbitMq.csproj", "{7A1A3E60-4A9D-4266-8B61-C8D75FA14DC8}"
EndProject
Project("{FAE04EC0-301F-11D3-BF4B-00C04F79EFBC}") = "PetShelter.API", "PetShelter\PetShelter.API\PetShelter.API.csproj", "{4278D5D0-8290-4672-BF48-E0C5DAC65E73}"
EndProject
Project("{FAE04EC0-301F-11D3-BF4B-00C04F79EFBC}") = "PetShelter.Application", "PetShelter\PetShelter.Application\PetShelter.Application.csproj", "{A1D65EAA-B0EE-4ACF-A32E-0EBB99A3F935}"
EndProject
Project("{FAE04EC0-301F-11D3-BF4B-00C04F79EFBC}") = "PetShelter.Domain", "PetShelter\PetShelter.Domain\PetShelter.Domain.csproj", "{047B0F53-BDA1-4C80-A2E2-F2876E697EF9}"
EndProject
Project("{FAE04EC0-301F-11D3-BF4B-00C04F79EFBC}") = "PetShelter.Infrastructure", "PetShelter\PetShelter.Infrastructure\PetShelter.Infrastructure.csproj", "{F92E849D-FFB8-407D-A463-53C3C4F8E59A}"
EndProject
Project("{FAE04EC0-301F-11D3-BF4B-00C04F79EFBC}") = "Hospital.API", "Hospital\Hospital.API\Hospital.API.csproj", "{1402CD8C-D6C9-4D60-A359-D881C3A6888A}"
EndProject
Project("{2150E333-8FDC-42A3-9474-1A3956D46DE8}") = "Solution Items", "Solution Items", "{FCA708A4-352B-4495-91B7-8DE4EF617943}"
	ProjectSection(SolutionItems) = preProject
		compose.yaml = compose.yaml
	EndProjectSection
EndProject
Project("{FAE04EC0-301F-11D3-BF4B-00C04F79EFBC}") = "Adoption.API", "Adoption\Adoption.API\Adoption.API.csproj", "{06369D8F-FDCD-4DDE-A793-C8BE95FCE3DE}"
EndProject
Global
	GlobalSection(SolutionConfigurationPlatforms) = preSolution
		Debug|Any CPU = Debug|Any CPU
		Release|Any CPU = Release|Any CPU
	EndGlobalSection
	GlobalSection(SolutionProperties) = preSolution
		HideSolutionNode = FALSE
	EndGlobalSection
	GlobalSection(NestedProjects) = preSolution
		{DE174693-8006-40AC-A192-B846F9776E28} = {88FB874B-06A1-4DC0-8E09-4A38F5D8F3A8}
		{7A1A3E60-4A9D-4266-8B61-C8D75FA14DC8} = {88FB874B-06A1-4DC0-8E09-4A38F5D8F3A8}
		{4278D5D0-8290-4672-BF48-E0C5DAC65E73} = {89BBDAFC-1ACB-49B6-8134-5D44B6D188BF}
		{A1D65EAA-B0EE-4ACF-A32E-0EBB99A3F935} = {89BBDAFC-1ACB-49B6-8134-5D44B6D188BF}
		{047B0F53-BDA1-4C80-A2E2-F2876E697EF9} = {89BBDAFC-1ACB-49B6-8134-5D44B6D188BF}
		{F92E849D-FFB8-407D-A463-53C3C4F8E59A} = {89BBDAFC-1ACB-49B6-8134-5D44B6D188BF}
		{1402CD8C-D6C9-4D60-A359-D881C3A6888A} = {A9592B86-0A13-44C5-91BF-4CB047ED2BD5}
		{06369D8F-FDCD-4DDE-A793-C8BE95FCE3DE} = {D4CADB02-1DDF-4849-942F-EE29E5A1A14F}
	EndGlobalSection
	GlobalSection(ProjectConfigurationPlatforms) = postSolution
		{DE174693-8006-40AC-A192-B846F9776E28}.Debug|Any CPU.ActiveCfg = Debug|Any CPU
		{DE174693-8006-40AC-A192-B846F9776E28}.Debug|Any CPU.Build.0 = Debug|Any CPU
		{DE174693-8006-40AC-A192-B846F9776E28}.Release|Any CPU.ActiveCfg = Release|Any CPU
		{DE174693-8006-40AC-A192-B846F9776E28}.Release|Any CPU.Build.0 = Release|Any CPU
		{7A1A3E60-4A9D-4266-8B61-C8D75FA14DC8}.Debug|Any CPU.ActiveCfg = Debug|Any CPU
		{7A1A3E60-4A9D-4266-8B61-C8D75FA14DC8}.Debug|Any CPU.Build.0 = Debug|Any CPU
		{7A1A3E60-4A9D-4266-8B61-C8D75FA14DC8}.Release|Any CPU.ActiveCfg = Release|Any CPU
		{7A1A3E60-4A9D-4266-8B61-C8D75FA14DC8}.Release|Any CPU.Build.0 = Release|Any CPU
		{4278D5D0-8290-4672-BF48-E0C5DAC65E73}.Debug|Any CPU.ActiveCfg = Debug|Any CPU
		{4278D5D0-8290-4672-BF48-E0C5DAC65E73}.Debug|Any CPU.Build.0 = Debug|Any CPU
		{4278D5D0-8290-4672-BF48-E0C5DAC65E73}.Release|Any CPU.ActiveCfg = Release|Any CPU
		{4278D5D0-8290-4672-BF48-E0C5DAC65E73}.Release|Any CPU.Build.0 = Release|Any CPU
		{A1D65EAA-B0EE-4ACF-A32E-0EBB99A3F935}.Debug|Any CPU.ActiveCfg = Debug|Any CPU
		{A1D65EAA-B0EE-4ACF-A32E-0EBB99A3F935}.Debug|Any CPU.Build.0 = Debug|Any CPU
		{A1D65EAA-B0EE-4ACF-A32E-0EBB99A3F935}.Release|Any CPU.ActiveCfg = Release|Any CPU
		{A1D65EAA-B0EE-4ACF-A32E-0EBB99A3F935}.Release|Any CPU.Build.0 = Release|Any CPU
		{047B0F53-BDA1-4C80-A2E2-F2876E697EF9}.Debug|Any CPU.ActiveCfg = Debug|Any CPU
		{047B0F53-BDA1-4C80-A2E2-F2876E697EF9}.Debug|Any CPU.Build.0 = Debug|Any CPU
		{047B0F53-BDA1-4C80-A2E2-F2876E697EF9}.Release|Any CPU.ActiveCfg = Release|Any CPU
		{047B0F53-BDA1-4C80-A2E2-F2876E697EF9}.Release|Any CPU.Build.0 = Release|Any CPU
		{F92E849D-FFB8-407D-A463-53C3C4F8E59A}.Debug|Any CPU.ActiveCfg = Debug|Any CPU
		{F92E849D-FFB8-407D-A463-53C3C4F8E59A}.Debug|Any CPU.Build.0 = Debug|Any CPU
		{F92E849D-FFB8-407D-A463-53C3C4F8E59A}.Release|Any CPU.ActiveCfg = Release|Any CPU
		{F92E849D-FFB8-407D-A463-53C3C4F8E59A}.Release|Any CPU.Build.0 = Release|Any CPU
		{1402CD8C-D6C9-4D60-A359-D881C3A6888A}.Debug|Any CPU.ActiveCfg = Debug|Any CPU
		{1402CD8C-D6C9-4D60-A359-D881C3A6888A}.Debug|Any CPU.Build.0 = Debug|Any CPU
		{1402CD8C-D6C9-4D60-A359-D881C3A6888A}.Release|Any CPU.ActiveCfg = Release|Any CPU
		{1402CD8C-D6C9-4D60-A359-D881C3A6888A}.Release|Any CPU.Build.0 = Release|Any CPU
		{06369D8F-FDCD-4DDE-A793-C8BE95FCE3DE}.Debug|Any CPU.ActiveCfg = Debug|Any CPU
		{06369D8F-FDCD-4DDE-A793-C8BE95FCE3DE}.Debug|Any CPU.Build.0 = Debug|Any CPU
		{06369D8F-FDCD-4DDE-A793-C8BE95FCE3DE}.Release|Any CPU.ActiveCfg = Release|Any CPU
		{06369D8F-FDCD-4DDE-A793-C8BE95FCE3DE}.Release|Any CPU.Build.0 = Release|Any CPU
	EndGlobalSection
EndGlobal
